<Solution>
  <Folder Name="/tests/">
    <Project Path="tests/TdpGis.Api.Tests/TdpGis.Api.Tests.csproj" Id="e3783b12-8f0e-4efb-b0f4-576041217b29" />
    <Project Path="tests/TdpGis.Application.Tests/TdpGis.Application.Tests.csproj" Id="5d75f63d-39bc-4bfa-9047-46f73fe10c71" />
    <Project Path="tests/TdpGis.Infrastructure.Tests/TdpGis.Infrastructure.Tests.csproj" Id="a000ce94-b24f-4e97-ad0e-0cfda2ad4585" />
  </Folder>
  <Project Path="TdpGis.AdminApplication/TdpGis.AdminApplication.csproj" Id="1527c588-0219-43e9-9a34-31d625713839" />
  <Project Path="TdpGis.Api/TdpGis.Api.csproj" Id="00d5e567-a370-4bc6-9150-ff1cfe24eb4e" />
  <Project Path="TdpGis.Application/TdpGis.Application.csproj" />
  <Project Path="TdpGis.Domain/TdpGis.Domain.csproj" />
  <Project Path="TdpGis.Endpoints/TdpGis.Endpoints.csproj" />
  <Project Path="TdpGis.Infrastructure/TdpGis.Infrastructure.csproj" />
  <Project Path="TdpGis.LocalApi/TdpGis.LocalApi.csproj" Id="25085abb-2a9a-486a-9b14-492ab149e731" />
</Solution>
