<Solution>
  <Folder Name="/src/">
    <Project Path="TdpGis.Application/TdpGis.Application.csproj" />
    <Project Path="TdpGis.ApplicationDb/TdpGis.ApplicationDb.csproj" Id="a038e268-133b-4736-9bed-59bea93735c3" />
    <Project Path="TdpGis.Endpoints/TdpGis.Endpoints.csproj" Id="6ab5e1d7-9acd-4fc8-b16b-053512f89a85" />
    <Project Path="TdpGis.Models/TdpGis.Models.csproj" />
  </Folder>
</Solution>
